// !$*UTF8*$!
{
	archiveVersion = 1;
	classes = {
	};
	objectVersion = 46;
	objects = {

/* Begin PBXBuildFile section */
		004E589818B022ED000FC20D /* BBlock.h in Headers */ = {isa = PBXBuildFile; fileRef = 007D3C551899694B002FD9EC /* BBlock.h */; settings = {ATTRIBUTES = (Public, ); }; };
		004E589918B02307000FC20D /* UIActionSheet+BBlock.h in Headers */ = {isa = PBXBuildFile; fileRef = 007D3C74189969A7002FD9EC /* UIActionSheet+BBlock.h */; settings = {ATTRIBUTES = (Public, ); }; };
		004E589A18B02307000FC20D /* UIAlertView+BBlock.h in Headers */ = {isa = PBXBuildFile; fileRef = 007D3C76189969A7002FD9EC /* UIAlertView+BBlock.h */; settings = {ATTRIBUTES = (Public, ); }; };
		004E589B18B02307000FC20D /* UIControl+BBlock.h in Headers */ = {isa = PBXBuildFile; fileRef = 007D3C78189969A7002FD9EC /* UIControl+BBlock.h */; settings = {ATTRIBUTES = (Public, ); }; };
		004E589C18B02307000FC20D /* UIGestureRecognizer+BBlock.h in Headers */ = {isa = PBXBuildFile; fileRef = 007D3C7A189969A7002FD9EC /* UIGestureRecognizer+BBlock.h */; settings = {ATTRIBUTES = (Public, ); }; };
		004E589D18B02307000FC20D /* UIImage+BBlock.h in Headers */ = {isa = PBXBuildFile; fileRef = 007D3C7C189969A7002FD9EC /* UIImage+BBlock.h */; settings = {ATTRIBUTES = (Public, ); }; };
		004E589E18B02307000FC20D /* UIKit+BBlock.h in Headers */ = {isa = PBXBuildFile; fileRef = 007D3C7E189969A7002FD9EC /* UIKit+BBlock.h */; settings = {ATTRIBUTES = (Public, ); }; };
		004E589F18B02307000FC20D /* UITextField+BBlock.h in Headers */ = {isa = PBXBuildFile; fileRef = 007D3C7F189969A7002FD9EC /* UITextField+BBlock.h */; settings = {ATTRIBUTES = (Public, ); }; };
		004E58A018B02319000FC20D /* SKProductsRequest+BBlock.h in Headers */ = {isa = PBXBuildFile; fileRef = 007D3C6E189969A7002FD9EC /* SKProductsRequest+BBlock.h */; settings = {ATTRIBUTES = (Public, ); }; };
		004E58A118B02319000FC20D /* SKStoreProductViewController+BBlock.h in Headers */ = {isa = PBXBuildFile; fileRef = 007D3C70189969A7002FD9EC /* SKStoreProductViewController+BBlock.h */; settings = {ATTRIBUTES = (Public, ); }; };
		004E58A218B02319000FC20D /* StoreKit+BBlock.h in Headers */ = {isa = PBXBuildFile; fileRef = 007D3C72189969A7002FD9EC /* StoreKit+BBlock.h */; settings = {ATTRIBUTES = (Public, ); }; };
		004E58A318B02323000FC20D /* Foundation+BBlock.h in Headers */ = {isa = PBXBuildFile; fileRef = 007D3C62189969A7002FD9EC /* Foundation+BBlock.h */; settings = {ATTRIBUTES = (Public, ); }; };
		004E58A418B02323000FC20D /* NSArray+BBlock.h in Headers */ = {isa = PBXBuildFile; fileRef = 007D3C63189969A7002FD9EC /* NSArray+BBlock.h */; settings = {ATTRIBUTES = (Public, ); }; };
		004E58A518B02323000FC20D /* NSDictionary+BBlock.h in Headers */ = {isa = PBXBuildFile; fileRef = 007D3C65189969A7002FD9EC /* NSDictionary+BBlock.h */; settings = {ATTRIBUTES = (Public, ); }; };
		004E58A618B02323000FC20D /* NSObject+BBlock.h in Headers */ = {isa = PBXBuildFile; fileRef = 007D3C67189969A7002FD9EC /* NSObject+BBlock.h */; settings = {ATTRIBUTES = (Public, ); }; };
		004E58A718B02323000FC20D /* NSTimer+BBlock.h in Headers */ = {isa = PBXBuildFile; fileRef = 007D3C69189969A7002FD9EC /* NSTimer+BBlock.h */; settings = {ATTRIBUTES = (Public, ); }; };
		004E58A818B02323000FC20D /* NSURL+BBlock.h in Headers */ = {isa = PBXBuildFile; fileRef = 007D3C6B189969A7002FD9EC /* NSURL+BBlock.h */; settings = {ATTRIBUTES = (Public, ); }; };
		004E58A918B0232D000FC20D /* AppKit+BBlock.h in Headers */ = {isa = PBXBuildFile; fileRef = 007D3C5A189969A7002FD9EC /* AppKit+BBlock.h */; settings = {ATTRIBUTES = (Public, ); }; };
		004E58AA18B0232D000FC20D /* NSApplication+BBlock.h in Headers */ = {isa = PBXBuildFile; fileRef = 007D3C5B189969A7002FD9EC /* NSApplication+BBlock.h */; settings = {ATTRIBUTES = (Public, ); }; };
		004E58AB18B0232D000FC20D /* NSButton+BBlock.h in Headers */ = {isa = PBXBuildFile; fileRef = 007D3C5D189969A7002FD9EC /* NSButton+BBlock.h */; settings = {ATTRIBUTES = (Public, ); }; };
		004E58AC18B0232D000FC20D /* NSImage+BBlock.h in Headers */ = {isa = PBXBuildFile; fileRef = 007D3C5F189969A7002FD9EC /* NSImage+BBlock.h */; settings = {ATTRIBUTES = (Public, ); }; };
		007D3C30189967BA002FD9EC /* Foundation.framework in Frameworks */ = {isa = PBXBuildFile; fileRef = 007D3C2F189967BA002FD9EC /* Foundation.framework */; };
		007D3C3E189967BA002FD9EC /* XCTest.framework in Frameworks */ = {isa = PBXBuildFile; fileRef = 007D3C3D189967BA002FD9EC /* XCTest.framework */; };
		007D3C3F189967BA002FD9EC /* Foundation.framework in Frameworks */ = {isa = PBXBuildFile; fileRef = 007D3C2F189967BA002FD9EC /* Foundation.framework */; };
		007D3C44189967BA002FD9EC /* libBBlock.a in Frameworks */ = {isa = PBXBuildFile; fileRef = 007D3C2C189967BA002FD9EC /* libBBlock.a */; };
		007D3C571899694B002FD9EC /* BBlock.m in Sources */ = {isa = PBXBuildFile; fileRef = 007D3C561899694B002FD9EC /* BBlock.m */; };
		007D3C84189969A7002FD9EC /* NSArray+BBlock.m in Sources */ = {isa = PBXBuildFile; fileRef = 007D3C64189969A7002FD9EC /* NSArray+BBlock.m */; };
		007D3C85189969A7002FD9EC /* NSDictionary+BBlock.m in Sources */ = {isa = PBXBuildFile; fileRef = 007D3C66189969A7002FD9EC /* NSDictionary+BBlock.m */; };
		007D3C86189969A7002FD9EC /* NSObject+BBlock.m in Sources */ = {isa = PBXBuildFile; fileRef = 007D3C68189969A7002FD9EC /* NSObject+BBlock.m */; };
		007D3C87189969A7002FD9EC /* NSTimer+BBlock.m in Sources */ = {isa = PBXBuildFile; fileRef = 007D3C6A189969A7002FD9EC /* NSTimer+BBlock.m */; };
		007D3C88189969A7002FD9EC /* NSURL+BBlock.m in Sources */ = {isa = PBXBuildFile; fileRef = 007D3C6C189969A7002FD9EC /* NSURL+BBlock.m */; };
		007D3C89189969A7002FD9EC /* SKProductsRequest+BBlock.m in Sources */ = {isa = PBXBuildFile; fileRef = 007D3C6F189969A7002FD9EC /* SKProductsRequest+BBlock.m */; };
		007D3C8A189969A7002FD9EC /* SKStoreProductViewController+BBlock.m in Sources */ = {isa = PBXBuildFile; fileRef = 007D3C71189969A7002FD9EC /* SKStoreProductViewController+BBlock.m */; };
		007D3C8B189969A7002FD9EC /* UIActionSheet+BBlock.m in Sources */ = {isa = PBXBuildFile; fileRef = 007D3C75189969A7002FD9EC /* UIActionSheet+BBlock.m */; };
		007D3C8C189969A7002FD9EC /* UIAlertView+BBlock.m in Sources */ = {isa = PBXBuildFile; fileRef = 007D3C77189969A7002FD9EC /* UIAlertView+BBlock.m */; };
		007D3C8D189969A7002FD9EC /* UIControl+BBlock.m in Sources */ = {isa = PBXBuildFile; fileRef = 007D3C79189969A7002FD9EC /* UIControl+BBlock.m */; };
		007D3C8E189969A7002FD9EC /* UIGestureRecognizer+BBlock.m in Sources */ = {isa = PBXBuildFile; fileRef = 007D3C7B189969A7002FD9EC /* UIGestureRecognizer+BBlock.m */; };
		007D3C8F189969A7002FD9EC /* UIImage+BBlock.m in Sources */ = {isa = PBXBuildFile; fileRef = 007D3C7D189969A7002FD9EC /* UIImage+BBlock.m */; };
		007D3C90189969A7002FD9EC /* UITextField+BBlock.m in Sources */ = {isa = PBXBuildFile; fileRef = 007D3C80189969A7002FD9EC /* UITextField+BBlock.m */; };
/* End PBXBuildFile section */

/* Begin PBXContainerItemProxy section */
		007D3C42189967BA002FD9EC /* PBXContainerItemProxy */ = {
			isa = PBXContainerItemProxy;
			containerPortal = 007D3C24189967BA002FD9EC /* Project object */;
			proxyType = 1;
			remoteGlobalIDString = 007D3C2B189967BA002FD9EC;
			remoteInfo = BBlock;
		};
/* End PBXContainerItemProxy section */

/* Begin PBXCopyFilesBuildPhase section */
		007D3C2A189967BA002FD9EC /* CopyFiles */ = {
			isa = PBXCopyFilesBuildPhase;
			buildActionMask = 2147483647;
			dstPath = "include/$(PRODUCT_NAME)";
			dstSubfolderSpec = 16;
			files = (
			);
			runOnlyForDeploymentPostprocessing = 0;
		};
/* End PBXCopyFilesBuildPhase section */

/* Begin PBXFileReference section */
		007D3C2C189967BA002FD9EC /* libBBlock.a */ = {isa = PBXFileReference; explicitFileType = archive.ar; includeInIndex = 0; path = libBBlock.a; sourceTree = BUILT_PRODUCTS_DIR; };
		007D3C2F189967BA002FD9EC /* Foundation.framework */ = {isa = PBXFileReference; lastKnownFileType = wrapper.framework; name = Foundation.framework; path = System/Library/Frameworks/Foundation.framework; sourceTree = SDKROOT; };
		007D3C3C189967BA002FD9EC /* BBlockTests.xctest */ = {isa = PBXFileReference; explicitFileType = wrapper.cfbundle; includeInIndex = 0; path = BBlockTests.xctest; sourceTree = BUILT_PRODUCTS_DIR; };
		007D3C3D189967BA002FD9EC /* XCTest.framework */ = {isa = PBXFileReference; lastKnownFileType = wrapper.framework; name = XCTest.framework; path = Library/Frameworks/XCTest.framework; sourceTree = DEVELOPER_DIR; };
		007D3C551899694B002FD9EC /* BBlock.h */ = {isa = PBXFileReference; fileEncoding = 4; lastKnownFileType = sourcecode.c.h; path = BBlock.h; sourceTree = "<group>"; };
		007D3C561899694B002FD9EC /* BBlock.m */ = {isa = PBXFileReference; fileEncoding = 4; lastKnownFileType = sourcecode.c.objc; path = BBlock.m; sourceTree = "<group>"; };
		007D3C5A189969A7002FD9EC /* AppKit+BBlock.h */ = {isa = PBXFileReference; fileEncoding = 4; lastKnownFileType = sourcecode.c.h; path = "AppKit+BBlock.h"; sourceTree = "<group>"; };
		007D3C5B189969A7002FD9EC /* NSApplication+BBlock.h */ = {isa = PBXFileReference; fileEncoding = 4; lastKnownFileType = sourcecode.c.h; path = "NSApplication+BBlock.h"; sourceTree = "<group>"; };
		007D3C5C189969A7002FD9EC /* NSApplication+BBlock.m */ = {isa = PBXFileReference; fileEncoding = 4; lastKnownFileType = sourcecode.c.objc; path = "NSApplication+BBlock.m"; sourceTree = "<group>"; };
		007D3C5D189969A7002FD9EC /* NSButton+BBlock.h */ = {isa = PBXFileReference; fileEncoding = 4; lastKnownFileType = sourcecode.c.h; path = "NSButton+BBlock.h"; sourceTree = "<group>"; };
		007D3C5E189969A7002FD9EC /* NSButton+BBlock.m */ = {isa = PBXFileReference; fileEncoding = 4; lastKnownFileType = sourcecode.c.objc; path = "NSButton+BBlock.m"; sourceTree = "<group>"; };
		007D3C5F189969A7002FD9EC /* NSImage+BBlock.h */ = {isa = PBXFileReference; fileEncoding = 4; lastKnownFileType = sourcecode.c.h; path = "NSImage+BBlock.h"; sourceTree = "<group>"; };
		007D3C60189969A7002FD9EC /* NSImage+BBlock.m */ = {isa = PBXFileReference; fileEncoding = 4; lastKnownFileType = sourcecode.c.objc; path = "NSImage+BBlock.m"; sourceTree = "<group>"; };
		007D3C62189969A7002FD9EC /* Foundation+BBlock.h */ = {isa = PBXFileReference; fileEncoding = 4; lastKnownFileType = sourcecode.c.h; path = "Foundation+BBlock.h"; sourceTree = "<group>"; };
		007D3C63189969A7002FD9EC /* NSArray+BBlock.h */ = {isa = PBXFileReference; fileEncoding = 4; lastKnownFileType = sourcecode.c.h; path = "NSArray+BBlock.h"; sourceTree = "<group>"; };
		007D3C64189969A7002FD9EC /* NSArray+BBlock.m */ = {isa = PBXFileReference; fileEncoding = 4; lastKnownFileType = sourcecode.c.objc; path = "NSArray+BBlock.m"; sourceTree = "<group>"; };
		007D3C65189969A7002FD9EC /* NSDictionary+BBlock.h */ = {isa = PBXFileReference; fileEncoding = 4; lastKnownFileType = sourcecode.c.h; path = "NSDictionary+BBlock.h"; sourceTree = "<group>"; };
		007D3C66189969A7002FD9EC /* NSDictionary+BBlock.m */ = {isa = PBXFileReference; fileEncoding = 4; lastKnownFileType = sourcecode.c.objc; path = "NSDictionary+BBlock.m"; sourceTree = "<group>"; };
		007D3C67189969A7002FD9EC /* NSObject+BBlock.h */ = {isa = PBXFileReference; fileEncoding = 4; lastKnownFileType = sourcecode.c.h; path = "NSObject+BBlock.h"; sourceTree = "<group>"; };
		007D3C68189969A7002FD9EC /* NSObject+BBlock.m */ = {isa = PBXFileReference; fileEncoding = 4; lastKnownFileType = sourcecode.c.objc; path = "NSObject+BBlock.m"; sourceTree = "<group>"; };
		007D3C69189969A7002FD9EC /* NSTimer+BBlock.h */ = {isa = PBXFileReference; fileEncoding = 4; lastKnownFileType = sourcecode.c.h; path = "NSTimer+BBlock.h"; sourceTree = "<group>"; };
		007D3C6A189969A7002FD9EC /* NSTimer+BBlock.m */ = {isa = PBXFileReference; fileEncoding = 4; lastKnownFileType = sourcecode.c.objc; path = "NSTimer+BBlock.m"; sourceTree = "<group>"; };
		007D3C6B189969A7002FD9EC /* NSURL+BBlock.h */ = {isa = PBXFileReference; fileEncoding = 4; lastKnownFileType = sourcecode.c.h; path = "NSURL+BBlock.h"; sourceTree = "<group>"; };
		007D3C6C189969A7002FD9EC /* NSURL+BBlock.m */ = {isa = PBXFileReference; fileEncoding = 4; lastKnownFileType = sourcecode.c.objc; path = "NSURL+BBlock.m"; sourceTree = "<group>"; };
		007D3C6E189969A7002FD9EC /* SKProductsRequest+BBlock.h */ = {isa = PBXFileReference; fileEncoding = 4; lastKnownFileType = sourcecode.c.h; path = "SKProductsRequest+BBlock.h"; sourceTree = "<group>"; };
		007D3C6F189969A7002FD9EC /* SKProductsRequest+BBlock.m */ = {isa = PBXFileReference; fileEncoding = 4; lastKnownFileType = sourcecode.c.objc; path = "SKProductsRequest+BBlock.m"; sourceTree = "<group>"; };
		007D3C70189969A7002FD9EC /* SKStoreProductViewController+BBlock.h */ = {isa = PBXFileReference; fileEncoding = 4; lastKnownFileType = sourcecode.c.h; path = "SKStoreProductViewController+BBlock.h"; sourceTree = "<group>"; };
		007D3C71189969A7002FD9EC /* SKStoreProductViewController+BBlock.m */ = {isa = PBXFileReference; fileEncoding = 4; lastKnownFileType = sourcecode.c.objc; path = "SKStoreProductViewController+BBlock.m"; sourceTree = "<group>"; };
		007D3C72189969A7002FD9EC /* StoreKit+BBlock.h */ = {isa = PBXFileReference; fileEncoding = 4; lastKnownFileType = sourcecode.c.h; path = "StoreKit+BBlock.h"; sourceTree = "<group>"; };
		007D3C74189969A7002FD9EC /* UIActionSheet+BBlock.h */ = {isa = PBXFileReference; fileEncoding = 4; lastKnownFileType = sourcecode.c.h; path = "UIActionSheet+BBlock.h"; sourceTree = "<group>"; };
		007D3C75189969A7002FD9EC /* UIActionSheet+BBlock.m */ = {isa = PBXFileReference; fileEncoding = 4; lastKnownFileType = sourcecode.c.objc; path = "UIActionSheet+BBlock.m"; sourceTree = "<group>"; };
		007D3C76189969A7002FD9EC /* UIAlertView+BBlock.h */ = {isa = PBXFileReference; fileEncoding = 4; lastKnownFileType = sourcecode.c.h; path = "UIAlertView+BBlock.h"; sourceTree = "<group>"; };
		007D3C77189969A7002FD9EC /* UIAlertView+BBlock.m */ = {isa = PBXFileReference; fileEncoding = 4; lastKnownFileType = sourcecode.c.objc; path = "UIAlertView+BBlock.m"; sourceTree = "<group>"; };
		007D3C78189969A7002FD9EC /* UIControl+BBlock.h */ = {isa = PBXFileReference; fileEncoding = 4; lastKnownFileType = sourcecode.c.h; path = "UIControl+BBlock.h"; sourceTree = "<group>"; };
		007D3C79189969A7002FD9EC /* UIControl+BBlock.m */ = {isa = PBXFileReference; fileEncoding = 4; lastKnownFileType = sourcecode.c.objc; path = "UIControl+BBlock.m"; sourceTree = "<group>"; };
		007D3C7A189969A7002FD9EC /* UIGestureRecognizer+BBlock.h */ = {isa = PBXFileReference; fileEncoding = 4; lastKnownFileType = sourcecode.c.h; path = "UIGestureRecognizer+BBlock.h"; sourceTree = "<group>"; };
		007D3C7B189969A7002FD9EC /* UIGestureRecognizer+BBlock.m */ = {isa = PBXFileReference; fileEncoding = 4; lastKnownFileType = sourcecode.c.objc; path = "UIGestureRecognizer+BBlock.m"; sourceTree = "<group>"; };
		007D3C7C189969A7002FD9EC /* UIImage+BBlock.h */ = {isa = PBXFileReference; fileEncoding = 4; lastKnownFileType = sourcecode.c.h; path = "UIImage+BBlock.h"; sourceTree = "<group>"; };
		007D3C7D189969A7002FD9EC /* UIImage+BBlock.m */ = {isa = PBXFileReference; fileEncoding = 4; lastKnownFileType = sourcecode.c.objc; path = "UIImage+BBlock.m"; sourceTree = "<group>"; };
		007D3C7E189969A7002FD9EC /* UIKit+BBlock.h */ = {isa = PBXFileReference; fileEncoding = 4; lastKnownFileType = sourcecode.c.h; path = "UIKit+BBlock.h"; sourceTree = "<group>"; };
		007D3C7F189969A7002FD9EC /* UITextField+BBlock.h */ = {isa = PBXFileReference; fileEncoding = 4; lastKnownFileType = sourcecode.c.h; path = "UITextField+BBlock.h"; sourceTree = "<group>"; };
		007D3C80189969A7002FD9EC /* UITextField+BBlock.m */ = {isa = PBXFileReference; fileEncoding = 4; lastKnownFileType = sourcecode.c.objc; path = "UITextField+BBlock.m"; sourceTree = "<group>"; };
/* End PBXFileReference section */

/* Begin PBXFrameworksBuildPhase section */
		007D3C29189967BA002FD9EC /* Frameworks */ = {
			isa = PBXFrameworksBuildPhase;
			buildActionMask = 2147483647;
			files = (
				007D3C30189967BA002FD9EC /* Foundation.framework in Frameworks */,
			);
			runOnlyForDeploymentPostprocessing = 0;
		};
		007D3C39189967BA002FD9EC /* Frameworks */ = {
			isa = PBXFrameworksBuildPhase;
			buildActionMask = 2147483647;
			files = (
				007D3C3E189967BA002FD9EC /* XCTest.framework in Frameworks */,
				007D3C44189967BA002FD9EC /* libBBlock.a in Frameworks */,
				007D3C3F189967BA002FD9EC /* Foundation.framework in Frameworks */,
			);
			runOnlyForDeploymentPostprocessing = 0;
		};
/* End PBXFrameworksBuildPhase section */

/* Begin PBXGroup section */
		007D3C23189967BA002FD9EC = {
			isa = PBXGroup;
			children = (
				007D3C551899694B002FD9EC /* BBlock.h */,
				007D3C561899694B002FD9EC /* BBlock.m */,
				007D3C58189969A7002FD9EC /* Categories */,
				007D3C2E189967BA002FD9EC /* Frameworks */,
				007D3C2D189967BA002FD9EC /* Products */,
			);
			sourceTree = "<group>";
		};
		007D3C2D189967BA002FD9EC /* Products */ = {
			isa = PBXGroup;
			children = (
				007D3C2C189967BA002FD9EC /* libBBlock.a */,
				007D3C3C189967BA002FD9EC /* BBlockTests.xctest */,
			);
			name = Products;
			sourceTree = "<group>";
		};
		007D3C2E189967BA002FD9EC /* Frameworks */ = {
			isa = PBXGroup;
			children = (
				007D3C2F189967BA002FD9EC /* Foundation.framework */,
				007D3C3D189967BA002FD9EC /* XCTest.framework */,
			);
			name = Frameworks;
			sourceTree = "<group>";
		};
		007D3C58189969A7002FD9EC /* Categories */ = {
			isa = PBXGroup;
			children = (
				007D3C59189969A7002FD9EC /* AppKit */,
				007D3C61189969A7002FD9EC /* Foundation */,
				007D3C6D189969A7002FD9EC /* StoreKit */,
				007D3C73189969A7002FD9EC /* UIKit */,
			);
			path = Categories;
			sourceTree = "<group>";
		};
		007D3C59189969A7002FD9EC /* AppKit */ = {
			isa = PBXGroup;
			children = (
				007D3C5A189969A7002FD9EC /* AppKit+BBlock.h */,
				007D3C5B189969A7002FD9EC /* NSApplication+BBlock.h */,
				007D3C5C189969A7002FD9EC /* NSApplication+BBlock.m */,
				007D3C5D189969A7002FD9EC /* NSButton+BBlock.h */,
				007D3C5E189969A7002FD9EC /* NSButton+BBlock.m */,
				007D3C5F189969A7002FD9EC /* NSImage+BBlock.h */,
				007D3C60189969A7002FD9EC /* NSImage+BBlock.m */,
			);
			path = AppKit;
			sourceTree = "<group>";
		};
		007D3C61189969A7002FD9EC /* Foundation */ = {
			isa = PBXGroup;
			children = (
				007D3C62189969A7002FD9EC /* Foundation+BBlock.h */,
				007D3C63189969A7002FD9EC /* NSArray+BBlock.h */,
				007D3C64189969A7002FD9EC /* NSArray+BBlock.m */,
				007D3C65189969A7002FD9EC /* NSDictionary+BBlock.h */,
				007D3C66189969A7002FD9EC /* NSDictionary+BBlock.m */,
				007D3C67189969A7002FD9EC /* NSObject+BBlock.h */,
				007D3C68189969A7002FD9EC /* NSObject+BBlock.m */,
				007D3C69189969A7002FD9EC /* NSTimer+BBlock.h */,
				007D3C6A189969A7002FD9EC /* NSTimer+BBlock.m */,
				007D3C6B189969A7002FD9EC /* NSURL+BBlock.h */,
				007D3C6C189969A7002FD9EC /* NSURL+BBlock.m */,
			);
			path = Foundation;
			sourceTree = "<group>";
		};
		007D3C6D189969A7002FD9EC /* StoreKit */ = {
			isa = PBXGroup;
			children = (
				007D3C6E189969A7002FD9EC /* SKProductsRequest+BBlock.h */,
				007D3C6F189969A7002FD9EC /* SKProductsRequest+BBlock.m */,
				007D3C70189969A7002FD9EC /* SKStoreProductViewController+BBlock.h */,
				007D3C71189969A7002FD9EC /* SKStoreProductViewController+BBlock.m */,
				007D3C72189969A7002FD9EC /* StoreKit+BBlock.h */,
			);
			path = StoreKit;
			sourceTree = "<group>";
		};
		007D3C73189969A7002FD9EC /* UIKit */ = {
			isa = PBXGroup;
			children = (
				007D3C74189969A7002FD9EC /* UIActionSheet+BBlock.h */,
				007D3C75189969A7002FD9EC /* UIActionSheet+BBlock.m */,
				007D3C76189969A7002FD9EC /* UIAlertView+BBlock.h */,
				007D3C77189969A7002FD9EC /* UIAlertView+BBlock.m */,
				007D3C78189969A7002FD9EC /* UIControl+BBlock.h */,
				007D3C79189969A7002FD9EC /* UIControl+BBlock.m */,
				007D3C7A189969A7002FD9EC /* UIGestureRecognizer+BBlock.h */,
				007D3C7B189969A7002FD9EC /* UIGestureRecognizer+BBlock.m */,
				007D3C7C189969A7002FD9EC /* UIImage+BBlock.h */,
				007D3C7D189969A7002FD9EC /* UIImage+BBlock.m */,
				007D3C7E189969A7002FD9EC /* UIKit+BBlock.h */,
				007D3C7F189969A7002FD9EC /* UITextField+BBlock.h */,
				007D3C80189969A7002FD9EC /* UITextField+BBlock.m */,
			);
			path = UIKit;
			sourceTree = "<group>";
		};
/* End PBXGroup section */

/* Begin PBXHeadersBuildPhase section */
		004E589718B022E8000FC20D /* Headers */ = {
			isa = PBXHeadersBuildPhase;
			buildActionMask = 2147483647;
			files = (
				004E589818B022ED000FC20D /* BBlock.h in Headers */,
				004E589918B02307000FC20D /* UIActionSheet+BBlock.h in Headers */,
				004E589A18B02307000FC20D /* UIAlertView+BBlock.h in Headers */,
				004E589B18B02307000FC20D /* UIControl+BBlock.h in Headers */,
				004E589C18B02307000FC20D /* UIGestureRecognizer+BBlock.h in Headers */,
				004E589D18B02307000FC20D /* UIImage+BBlock.h in Headers */,
				004E589E18B02307000FC20D /* UIKit+BBlock.h in Headers */,
				004E589F18B02307000FC20D /* UITextField+BBlock.h in Headers */,
				004E58A018B02319000FC20D /* SKProductsRequest+BBlock.h in Headers */,
				004E58A118B02319000FC20D /* SKStoreProductViewController+BBlock.h in Headers */,
				004E58A318B02323000FC20D /* Foundation+BBlock.h in Headers */,
				004E58A418B02323000FC20D /* NSArray+BBlock.h in Headers */,
				004E58A518B02323000FC20D /* NSDictionary+BBlock.h in Headers */,
				004E58A618B02323000FC20D /* NSObject+BBlock.h in Headers */,
				004E58A718B02323000FC20D /* NSTimer+BBlock.h in Headers */,
				004E58A818B02323000FC20D /* NSURL+BBlock.h in Headers */,
				004E58A218B02319000FC20D /* StoreKit+BBlock.h in Headers */,
				004E58A918B0232D000FC20D /* AppKit+BBlock.h in Headers */,
				004E58AA18B0232D000FC20D /* NSApplication+BBlock.h in Headers */,
				004E58AB18B0232D000FC20D /* NSButton+BBlock.h in Headers */,
				004E58AC18B0232D000FC20D /* NSImage+BBlock.h in Headers */,
			);
			runOnlyForDeploymentPostprocessing = 0;
		};
/* End PBXHeadersBuildPhase section */

/* Begin PBXNativeTarget section */
		007D3C2B189967BA002FD9EC /* BBlock */ = {
			isa = PBXNativeTarget;
			buildConfigurationList = 007D3C4F189967BA002FD9EC /* Build configuration list for PBXNativeTarget "BBlock" */;
			buildPhases = (
				007D3C28189967BA002FD9EC /* Sources */,
				007D3C29189967BA002FD9EC /* Frameworks */,
				007D3C2A189967BA002FD9EC /* CopyFiles */,
				004E589618B01FC4000FC20D /* ShellScript */,
				004E589718B022E8000FC20D /* Headers */,
			);
			buildRules = (
			);
			dependencies = (
			);
			name = BBlock;
			productName = BBlock;
			productReference = 007D3C2C189967BA002FD9EC /* libBBlock.a */;
			productType = "com.apple.product-type.library.static";
		};
		007D3C3B189967BA002FD9EC /* BBlockTests */ = {
			isa = PBXNativeTarget;
			buildConfigurationList = 007D3C52189967BA002FD9EC /* Build configuration list for PBXNativeTarget "BBlockTests" */;
			buildPhases = (
				007D3C38189967BA002FD9EC /* Sources */,
				007D3C39189967BA002FD9EC /* Frameworks */,
				007D3C3A189967BA002FD9EC /* Resources */,
			);
			buildRules = (
			);
			dependencies = (
				007D3C43189967BA002FD9EC /* PBXTargetDependency */,
			);
			name = BBlockTests;
			productName = BBlockTests;
			productReference = 007D3C3C189967BA002FD9EC /* BBlockTests.xctest */;
			productType = "com.apple.product-type.bundle.unit-test";
		};
/* End PBXNativeTarget section */

/* Begin PBXProject section */
		007D3C24189967BA002FD9EC /* Project object */ = {
			isa = PBXProject;
			attributes = {
				LastUpgradeCheck = 0500;
				ORGANIZATIONNAME = Sretenka.net;
			};
			buildConfigurationList = 007D3C27189967BA002FD9EC /* Build configuration list for PBXProject "BBlock" */;
			compatibilityVersion = "Xcode 3.2";
			developmentRegion = English;
			hasScannedForEncodings = 0;
			knownRegions = (
				en,
			);
			mainGroup = 007D3C23189967BA002FD9EC;
			productRefGroup = 007D3C2D189967BA002FD9EC /* Products */;
			projectDirPath = "";
			projectRoot = "";
			targets = (
				007D3C2B189967BA002FD9EC /* BBlock */,
				007D3C3B189967BA002FD9EC /* BBlockTests */,
			);
		};
/* End PBXProject section */

/* Begin PBXResourcesBuildPhase section */
		007D3C3A189967BA002FD9EC /* Resources */ = {
			isa = PBXResourcesBuildPhase;
			buildActionMask = 2147483647;
			files = (
			);
			runOnlyForDeploymentPostprocessing = 0;
		};
/* End PBXResourcesBuildPhase section */

/* Begin PBXShellScriptBuildPhase section */
		004E589618B01FC4000FC20D /* ShellScript */ = {
			isa = PBXShellScriptBuildPhase;
			buildActionMask = 2147483647;
			files = (
			);
			inputPaths = (
			);
			outputPaths = (
			);
			runOnlyForDeploymentPostprocessing = 0;
			shellPath = /bin/sh;
			shellScript = "##########################################\n#\n# c.f. http://stackoverflow.com/questions/3520977/build-fat-static-library-device-simulator-using-xcode-and-sdk-4\n#\n# Version 2.7\n#\n# Latest Change:\n# - Supports iPhone 5 / iPod Touch 5 (uses Apple's workaround to lipo bug)\n#\n# Purpose:\n#   Automatically create a Universal static library for iPhone + iPad + iPhone Simulator from within XCode\n#\n# Author: Adam Martin - http://twitter.com/t_machine_org\n# Based on: original script from Eonil (main changes: Eonil's script WILL NOT WORK in Xcode GUI - it WILL CRASH YOUR COMPUTER)\n#\n\nset -e\nset -o pipefail\n\n#################[ Tests: helps workaround any future bugs in Xcode ]########\n#\nDEBUG_THIS_SCRIPT=\"false\"\n\nif [ $DEBUG_THIS_SCRIPT = \"true\" ]\nthen\necho \"########### TESTS #############\"\necho \"Use the following variables when debugging this script; note that they may change on recursions\"\necho \"BUILD_DIR = $BUILD_DIR\"\necho \"BUILD_ROOT = $BUILD_ROOT\"\necho \"CONFIGURATION_BUILD_DIR = $CONFIGURATION_BUILD_DIR\"\necho \"BUILT_PRODUCTS_DIR = $BUILT_PRODUCTS_DIR\"\necho \"CONFIGURATION_TEMP_DIR = $CONFIGURATION_TEMP_DIR\"\necho \"TARGET_BUILD_DIR = $TARGET_BUILD_DIR\"\nfi\n\n#####################[ part 1 ]##################\n# First, work out the BASESDK version number (NB: Apple ought to report this, but they hide it)\n#    (incidental: searching for substrings in sh is a nightmare! Sob)\n\nSDK_VERSION=$(echo ${SDK_NAME} | grep -o '.\\{3\\}$')\n\n# Next, work out if we're in SIM or DEVICE\n\nif [ ${PLATFORM_NAME} = \"iphonesimulator\" ]\nthen\nOTHER_SDK_TO_BUILD=iphoneos${SDK_VERSION}\nelse\nOTHER_SDK_TO_BUILD=iphonesimulator${SDK_VERSION}\nfi\n\necho \"XCode has selected SDK: ${PLATFORM_NAME} with version: ${SDK_VERSION} (although back-targetting: ${IPHONEOS_DEPLOYMENT_TARGET})\"\necho \"...therefore, OTHER_SDK_TO_BUILD = ${OTHER_SDK_TO_BUILD}\"\n#\n#####################[ end of part 1 ]##################\n\n#####################[ part 2 ]##################\n#\n# IF this is the original invocation, invoke WHATEVER other builds are required\n#\n# Xcode is already building ONE target...\n#\n# ...but this is a LIBRARY, so Apple is wrong to set it to build just one.\n# ...we need to build ALL targets\n# ...we MUST NOT re-build the target that is ALREADY being built: Xcode WILL CRASH YOUR COMPUTER if you try this (infinite recursion!)\n#\n#\n# So: build ONLY the missing platforms/configurations.\n\nif [ \"true\" == ${ALREADYINVOKED:-false} ]\nthen\necho \"RECURSION: I am NOT the root invocation, so I'm NOT going to recurse\"\nelse\n# CRITICAL:\n# Prevent infinite recursion (Xcode sucks)\nexport ALREADYINVOKED=\"true\"\n\necho \"RECURSION: I am the root ... recursing all missing build targets NOW...\"\necho \"RECURSION: ...about to invoke: xcodebuild -configuration \\\"${CONFIGURATION}\\\" -project \\\"${PROJECT_NAME}.xcodeproj\\\" -target \\\"${TARGET_NAME}\\\" -sdk \\\"${OTHER_SDK_TO_BUILD}\\\" ${ACTION} RUN_CLANG_STATIC_ANALYZER=NO\" BUILD_DIR=\\\"${BUILD_DIR}\\\" BUILD_ROOT=\\\"${BUILD_ROOT}\\\" SYMROOT=\\\"${SYMROOT}\\\"\n\nxcodebuild -configuration \"${CONFIGURATION}\" -project \"${PROJECT_NAME}.xcodeproj\" -target \"${TARGET_NAME}\" -sdk \"${OTHER_SDK_TO_BUILD}\" ${ACTION} RUN_CLANG_STATIC_ANALYZER=NO BUILD_DIR=\"${BUILD_DIR}\" BUILD_ROOT=\"${BUILD_ROOT}\" SYMROOT=\"${SYMROOT}\"\n\nACTION=\"build\"\n\n#Merge all platform binaries as a fat binary for each configurations.\n\n# Calculate where the (multiple) built files are coming from:\nCURRENTCONFIG_DEVICE_DIR=${SYMROOT}/${CONFIGURATION}-iphoneos\nCURRENTCONFIG_SIMULATOR_DIR=${SYMROOT}/${CONFIGURATION}-iphonesimulator\n\necho \"Taking device build from: ${CURRENTCONFIG_DEVICE_DIR}\"\necho \"Taking simulator build from: ${CURRENTCONFIG_SIMULATOR_DIR}\"\n\nCREATING_UNIVERSAL_DIR=${SYMROOT}/${CONFIGURATION}-universal\necho \"...I will output a universal build to: ${CREATING_UNIVERSAL_DIR}\"\n\n# ... remove the products of previous runs of this script\n#      NB: this directory is ONLY created by this script - it should be safe to delete!\n\nrm -rf \"${CREATING_UNIVERSAL_DIR}\"\nmkdir \"${CREATING_UNIVERSAL_DIR}\"\n\n#\necho \"lipo: for current configuration (${CONFIGURATION}) creating output file: ${CREATING_UNIVERSAL_DIR}/${EXECUTABLE_NAME}\"\nxcrun -sdk iphoneos lipo -create -output \"${CREATING_UNIVERSAL_DIR}/${EXECUTABLE_NAME}\" \"${CURRENTCONFIG_DEVICE_DIR}/${EXECUTABLE_NAME}\" \"${CURRENTCONFIG_SIMULATOR_DIR}/${EXECUTABLE_NAME}\"\n\n#########\n#\n# Added: StackOverflow suggestion to also copy \"include\" files\n#    (untested, but should work OK)\n#\necho \"Fetching headers from ${PUBLIC_HEADERS_FOLDER_PATH}\"\necho \"  (if you embed your library project in another project, you will need to add\"\necho \"   a \"User Search Headers\" build setting of: (NB INCLUDE THE DOUBLE QUOTES BELOW!)\"\necho '        \"$(TARGET_BUILD_DIR)/usr/local/include/\"'\nif [ -d \"${CURRENTCONFIG_DEVICE_DIR}${PUBLIC_HEADERS_FOLDER_PATH}\" ]\nthen\nmkdir -p \"${CREATING_UNIVERSAL_DIR}${PUBLIC_HEADERS_FOLDER_PATH}\"\n# * needs to be outside the double quotes?\ncp -r \"${CURRENTCONFIG_DEVICE_DIR}${PUBLIC_HEADERS_FOLDER_PATH}\"* \"${CREATING_UNIVERSAL_DIR}${PUBLIC_HEADERS_FOLDER_PATH}\"\nfi\nfi";
		};
/* End PBXShellScriptBuildPhase section */

/* Begin PBXSourcesBuildPhase section */
		007D3C28189967BA002FD9EC /* Sources */ = {
			isa = PBXSourcesBuildPhase;
			buildActionMask = 2147483647;
			files = (
				007D3C8C189969A7002FD9EC /* UIAlertView+BBlock.m in Sources */,
				007D3C85189969A7002FD9EC /* NSDictionary+BBlock.m in Sources */,
				007D3C8B189969A7002FD9EC /* UIActionSheet+BBlock.m in Sources */,
				007D3C8F189969A7002FD9EC /* UIImage+BBlock.m in Sources */,
				007D3C8D189969A7002FD9EC /* UIControl+BBlock.m in Sources */,
				007D3C89189969A7002FD9EC /* SKProductsRequest+BBlock.m in Sources */,
				007D3C90189969A7002FD9EC /* UITextField+BBlock.m in Sources */,
				007D3C84189969A7002FD9EC /* NSArray+BBlock.m in Sources */,
				007D3C8E189969A7002FD9EC /* UIGestureRecognizer+BBlock.m in Sources */,
				007D3C571899694B002FD9EC /* BBlock.m in Sources */,
				007D3C8A189969A7002FD9EC /* SKStoreProductViewController+BBlock.m in Sources */,
				007D3C87189969A7002FD9EC /* NSTimer+BBlock.m in Sources */,
				007D3C86189969A7002FD9EC /* NSObject+BBlock.m in Sources */,
				007D3C88189969A7002FD9EC /* NSURL+BBlock.m in Sources */,
			);
			runOnlyForDeploymentPostprocessing = 0;
		};
		007D3C38189967BA002FD9EC /* Sources */ = {
			isa = PBXSourcesBuildPhase;
			buildActionMask = 2147483647;
			files = (
			);
			runOnlyForDeploymentPostprocessing = 0;
		};
/* End PBXSourcesBuildPhase section */

/* Begin PBXTargetDependency section */
		007D3C43189967BA002FD9EC /* PBXTargetDependency */ = {
			isa = PBXTargetDependency;
			target = 007D3C2B189967BA002FD9EC /* BBlock */;
			targetProxy = 007D3C42189967BA002FD9EC /* PBXContainerItemProxy */;
		};
/* End PBXTargetDependency section */

/* Begin XCBuildConfiguration section */
		007D3C4D189967BA002FD9EC /* Debug */ = {
			isa = XCBuildConfiguration;
			buildSettings = {
				ALWAYS_SEARCH_USER_PATHS = NO;
				ARCHS = "$(ARCHS_STANDARD_INCLUDING_64_BIT)";
				CLANG_CXX_LANGUAGE_STANDARD = "gnu++0x";
				CLANG_CXX_LIBRARY = "libc++";
				CLANG_ENABLE_MODULES = YES;
				CLANG_ENABLE_OBJC_ARC = YES;
				CLANG_WARN_BOOL_CONVERSION = YES;
				CLANG_WARN_CONSTANT_CONVERSION = YES;
				CLANG_WARN_DIRECT_OBJC_ISA_USAGE = YES_ERROR;
				CLANG_WARN_EMPTY_BODY = YES;
				CLANG_WARN_ENUM_CONVERSION = YES;
				CLANG_WARN_INT_CONVERSION = YES;
				CLANG_WARN_OBJC_ROOT_CLASS = YES_ERROR;
				CLANG_WARN__DUPLICATE_METHOD_MATCH = YES;
				COPY_PHASE_STRIP = NO;
				GCC_C_LANGUAGE_STANDARD = gnu99;
				GCC_DYNAMIC_NO_PIC = NO;
				GCC_OPTIMIZATION_LEVEL = 0;
				GCC_PREPROCESSOR_DEFINITIONS = (
					"DEBUG=1",
					"$(inherited)",
				);
				GCC_SYMBOLS_PRIVATE_EXTERN = NO;
				GCC_WARN_64_TO_32_BIT_CONVERSION = YES;
				GCC_WARN_ABOUT_RETURN_TYPE = YES_ERROR;
				GCC_WARN_UNDECLARED_SELECTOR = YES;
				GCC_WARN_UNINITIALIZED_AUTOS = YES;
				GCC_WARN_UNUSED_FUNCTION = YES;
				GCC_WARN_UNUSED_VARIABLE = YES;
				IPHONEOS_DEPLOYMENT_TARGET = 7.0;
				ONLY_ACTIVE_ARCH = NO;
				SDKROOT = iphoneos;
				VALID_ARCHS = "arm64 armv7 armv7s";
			};
			name = Debug;
		};
		007D3C4E189967BA002FD9EC /* Release */ = {
			isa = XCBuildConfiguration;
			buildSettings = {
				ALWAYS_SEARCH_USER_PATHS = NO;
				ARCHS = "$(ARCHS_STANDARD_INCLUDING_64_BIT)";
				CLANG_CXX_LANGUAGE_STANDARD = "gnu++0x";
				CLANG_CXX_LIBRARY = "libc++";
				CLANG_ENABLE_MODULES = YES;
				CLANG_ENABLE_OBJC_ARC = YES;
				CLANG_WARN_BOOL_CONVERSION = YES;
				CLANG_WARN_CONSTANT_CONVERSION = YES;
				CLANG_WARN_DIRECT_OBJC_ISA_USAGE = YES_ERROR;
				CLANG_WARN_EMPTY_BODY = YES;
				CLANG_WARN_ENUM_CONVERSION = YES;
				CLANG_WARN_INT_CONVERSION = YES;
				CLANG_WARN_OBJC_ROOT_CLASS = YES_ERROR;
				CLANG_WARN__DUPLICATE_METHOD_MATCH = YES;
				COPY_PHASE_STRIP = YES;
				ENABLE_NS_ASSERTIONS = NO;
				GCC_C_LANGUAGE_STANDARD = gnu99;
				GCC_WARN_64_TO_32_BIT_CONVERSION = YES;
				GCC_WARN_ABOUT_RETURN_TYPE = YES_ERROR;
				GCC_WARN_UNDECLARED_SELECTOR = YES;
				GCC_WARN_UNINITIALIZED_AUTOS = YES;
				GCC_WARN_UNUSED_FUNCTION = YES;
				GCC_WARN_UNUSED_VARIABLE = YES;
				IPHONEOS_DEPLOYMENT_TARGET = 7.0;
				SDKROOT = iphoneos;
				VALIDATE_PRODUCT = YES;
				VALID_ARCHS = "arm64 armv7 armv7s";
			};
			name = Release;
		};
		007D3C50189967BA002FD9EC /* Debug */ = {
			isa = XCBuildConfiguration;
			buildSettings = {
				DSTROOT = /tmp/BBlock.dst;
				GCC_PRECOMPILE_PREFIX_HEADER = NO;
				GCC_PREFIX_HEADER = "";
				OTHER_LDFLAGS = "-ObjC";
				PRODUCT_NAME = "$(TARGET_NAME)";
				SKIP_INSTALL = YES;
			};
			name = Debug;
		};
		007D3C51189967BA002FD9EC /* Release */ = {
			isa = XCBuildConfiguration;
			buildSettings = {
				DSTROOT = /tmp/BBlock.dst;
				GCC_PRECOMPILE_PREFIX_HEADER = NO;
				GCC_PREFIX_HEADER = "";
				OTHER_LDFLAGS = "-ObjC";
				PRODUCT_NAME = "$(TARGET_NAME)";
				SKIP_INSTALL = YES;
			};
			name = Release;
		};
		007D3C53189967BA002FD9EC /* Debug */ = {
			isa = XCBuildConfiguration;
			buildSettings = {
				ARCHS = "$(ARCHS_STANDARD_INCLUDING_64_BIT)";
				FRAMEWORK_SEARCH_PATHS = (
					"$(SDKROOT)/Developer/Library/Frameworks",
					"$(inherited)",
					"$(DEVELOPER_FRAMEWORKS_DIR)",
				);
				GCC_PRECOMPILE_PREFIX_HEADER = NO;
				GCC_PREFIX_HEADER = "";
				GCC_PREPROCESSOR_DEFINITIONS = (
					"DEBUG=1",
					"$(inherited)",
				);
				INFOPLIST_FILE = "BBlockTests/BBlockTests-Info.plist";
				PRODUCT_NAME = "$(TARGET_NAME)";
				WRAPPER_EXTENSION = xctest;
			};
			name = Debug;
		};
		007D3C54189967BA002FD9EC /* Release */ = {
			isa = XCBuildConfiguration;
			buildSettings = {
				ARCHS = "$(ARCHS_STANDARD_INCLUDING_64_BIT)";
				FRAMEWORK_SEARCH_PATHS = (
					"$(SDKROOT)/Developer/Library/Frameworks",
					"$(inherited)",
					"$(DEVELOPER_FRAMEWORKS_DIR)",
				);
				GCC_PRECOMPILE_PREFIX_HEADER = NO;
				GCC_PREFIX_HEADER = "";
				INFOPLIST_FILE = "BBlockTests/BBlockTests-Info.plist";
				PRODUCT_NAME = "$(TARGET_NAME)";
				WRAPPER_EXTENSION = xctest;
			};
			name = Release;
		};
/* End XCBuildConfiguration section */

/* Begin XCConfigurationList section */
		007D3C27189967BA002FD9EC /* Build configuration list for PBXProject "BBlock" */ = {
			isa = XCConfigurationList;
			buildConfigurations = (
				007D3C4D189967BA002FD9EC /* Debug */,
				007D3C4E189967BA002FD9EC /* Release */,
			);
			defaultConfigurationIsVisible = 0;
			defaultConfigurationName = Release;
		};
		007D3C4F189967BA002FD9EC /* Build configuration list for PBXNativeTarget "BBlock" */ = {
			isa = XCConfigurationList;
			buildConfigurations = (
				007D3C50189967BA002FD9EC /* Debug */,
				007D3C51189967BA002FD9EC /* Release */,
			);
			defaultConfigurationIsVisible = 0;
			defaultConfigurationName = Release;
		};
		007D3C52189967BA002FD9EC /* Build configuration list for PBXNativeTarget "BBlockTests" */ = {
			isa = XCConfigurationList;
			buildConfigurations = (
				007D3C53189967BA002FD9EC /* Debug */,
				007D3C54189967BA002FD9EC /* Release */,
			);
			defaultConfigurationIsVisible = 0;
			defaultConfigurationName = Release;
		};
/* End XCConfigurationList section */
	};
	rootObject = 007D3C24189967BA002FD9EC /* Project object */;
}
